
Microsoft Visual Studio Solution File, Format Version 12.00
# Visual Studio Version 17
VisualStudioVersion = 17.4.33205.214
MinimumVisualStudioVersion = 10.0.40219.1
Project("{FAE04EC0-301F-11D3-BF4B-00C04F79EFBC}") = "DurableFunctionApp", "DurableFunctionApp\DurableFunctionApp.csproj", "{7ABDABC8-30A8-4A7B-8EEB-218EBA31FA23}"
EndProject
Global
	GlobalSection(SolutionConfigurationPlatforms) = preSolution
		Debug|Any CPU = Debug|Any CPU
		Release|Any CPU = Release|Any CPU
	EndGlobalSection
	GlobalSection(ProjectConfigurationPlatforms) = postSolution
		{7ABDABC8-30A8-4A7B-8EEB-218EBA31FA23}.Debug|Any CPU.ActiveCfg = Debug|Any CPU
		{7ABDABC8-30A8-4A7B-8EEB-218EBA31FA23}.Debug|Any CPU.Build.0 = Debug|Any CPU
		{7ABDABC8-30A8-4A7B-8EEB-218EBA31FA23}.Release|Any CPU.ActiveCfg = Release|Any CPU
		{7ABDABC8-30A8-4A7B-8EEB-218EBA31FA23}.Release|Any CPU.Build.0 = Release|Any CPU
	EndGlobalSection
	GlobalSection(SolutionProperties) = preSolution
		HideSolutionNode = FALSE
	EndGlobalSection
	GlobalSection(ExtensibilityGlobals) = postSolution
		SolutionGuid = {9B3496AB-63F1-4C27-8984-2569CD263B8A}
	EndGlobalSection
EndGlobal
